<Solution>
  <Folder Name="/Src/">
    <Project Path="Src/SonarQubeWebApi100/SonarQubeWebApi100.csproj" />
    <Project Path="Src/SonarQubeWebApi80/SonarQubeWebApi80.csproj" />
    <Project Path="Src/SonarQubeWebApi90/SonarQubeWebApi90.csproj" />
    <Project Path="Src/SonarQubeWebApiShare/SonarQubeWebApiShare.shproj" />
  </Folder>
  <Folder Name="/Test/">
    <Project Path="Test/SonarQubeWebApiUnitTest100/SonarQubeWebApiUnitTest100.csproj" />
    <Project Path="Test/SonarQubeWebApiUnitTest80/SonarQubeWebApiUnitTest80.csproj" Id="a8bbbcca-a7fc-4dcc-97b7-ba5482e02e39" />
    <Project Path="Test/SonarQubeWebApiUnitTest90/SonarQubeWebApiUnitTest90.csproj" Id="711010d3-406e-4988-b9e4-4e7ec46102b9" />
    <Project Path="Test/SonarQubeWebApiUnitTestShare/SonarQubeWebApiUnitTestShare.shproj" Id="c5d48cba-042d-4dca-a136-a99f0172f69d" />
  </Folder>
</Solution>
